
Microsoft Visual Studio Solution File, Format Version 12.00
# Visual Studio Version 16
VisualStudioVersion = 16.0.29215.179
MinimumVisualStudioVersion = 10.0.40219.1
Project("{8BC9CEB8-8B4A-11D0-8D11-00A0C91BC942}") = "8.6", "8.6\8.6.vcxproj", "{6E494F3C-7F97-4440-B7FD-D06469C7EEDF}"
EndProject
Global
	GlobalSection(SolutionConfigurationPlatforms) = preSolution
		Debug|x64 = Debug|x64
		Debug|x86 = Debug|x86
		Release|x64 = Release|x64
		Release|x86 = Release|x86
	EndGlobalSection
	GlobalSection(ProjectConfigurationPlatforms) = postSolution
		{6E494F3C-7F97-4440-B7FD-D06469C7EEDF}.Debug|x64.ActiveCfg = Debug|x64
		{6E494F3C-7F97-4440-B7FD-D06469C7EEDF}.Debug|x64.Build.0 = Debug|x64
		{6E494F3C-7F97-4440-B7FD-D06469C7EEDF}.Debug|x86.ActiveCfg = Debug|Win32
		{6E494F3C-7F97-4440-B7FD-D06469C7EEDF}.Debug|x86.Build.0 = Debug|Win32
		{6E494F3C-7F97-4440-B7FD-D06469C7EEDF}.Release|x64.ActiveCfg = Release|x64
		{6E494F3C-7F97-4440-B7FD-D06469C7EEDF}.Release|x64.Build.0 = Release|x64
		{6E494F3C-7F97-4440-B7FD-D06469C7EEDF}.Release|x86.ActiveCfg = Release|Win32
		{6E494F3C-7F97-4440-B7FD-D06469C7EEDF}.Release|x86.Build.0 = Release|Win32
	EndGlobalSection
	GlobalSection(SolutionProperties) = preSolution
		HideSolutionNode = FALSE
	EndGlobalSection
	GlobalSection(ExtensibilityGlobals) = postSolution
		SolutionGuid = {63C20528-5E5D-40B5-B03E-B091BF49BEE7}
	EndGlobalSection
EndGlobal
